
Microsoft Visual Studio Solution File, Format Version 10.00
# Visual C# Express 2008
Project("{FAE04EC0-301F-11D3-BF4B-00C04F79EFBC}") = "Astronautas2D", "Astronautas2D\Astronautas2D.csproj", "{FA89746D-3980-4303-BD31-31D8AF015529}"
EndProject
Project("{FAE04EC0-301F-11D3-BF4B-00C04F79EFBC}") = "AstroLib", "..\Astrolib\AstroLib\AstroLib.csproj", "{D793E4EB-F1C2-48CB-B96C-06D186C58217}"
EndProject
Project("{FAE04EC0-301F-11D3-BF4B-00C04F79EFBC}") = "GameModel", "..\Astrolib\GameModel\GameModel.csproj", "{DFB31D6C-511F-417A-A226-558B52061959}"
EndProject
Project("{FAE04EC0-301F-11D3-BF4B-00C04F79EFBC}") = "ServerGame", "ServerGame\ServerGame.csproj", "{C0B286CA-E92E-4927-8CEA-9CF8E878AC69}"
EndProject
Project("{FAE04EC0-301F-11D3-BF4B-00C04F79EFBC}") = "GameUtils", "GameUtils\GameUtils.csproj", "{A656C600-1B38-4C3E-B7E5-EDF84F96537B}"
EndProject
Global
	GlobalSection(SolutionConfigurationPlatforms) = preSolution
		Debug|Any CPU = Debug|Any CPU
		Debug|Mixed Platforms = Debug|Mixed Platforms
		Debug|x86 = Debug|x86
		Release|Any CPU = Release|Any CPU
		Release|Mixed Platforms = Release|Mixed Platforms
		Release|x86 = Release|x86
	EndGlobalSection
	GlobalSection(ProjectConfigurationPlatforms) = postSolution
		{FA89746D-3980-4303-BD31-31D8AF015529}.Debug|Any CPU.ActiveCfg = Debug|x86
		{FA89746D-3980-4303-BD31-31D8AF015529}.Debug|Mixed Platforms.ActiveCfg = Debug|x86
		{FA89746D-3980-4303-BD31-31D8AF015529}.Debug|Mixed Platforms.Build.0 = Debug|x86
		{FA89746D-3980-4303-BD31-31D8AF015529}.Debug|x86.ActiveCfg = Debug|x86
		{FA89746D-3980-4303-BD31-31D8AF015529}.Debug|x86.Build.0 = Debug|x86
		{FA89746D-3980-4303-BD31-31D8AF015529}.Release|Any CPU.ActiveCfg = Release|x86
		{FA89746D-3980-4303-BD31-31D8AF015529}.Release|Mixed Platforms.ActiveCfg = Release|x86
		{FA89746D-3980-4303-BD31-31D8AF015529}.Release|Mixed Platforms.Build.0 = Release|x86
		{FA89746D-3980-4303-BD31-31D8AF015529}.Release|x86.ActiveCfg = Release|x86
		{FA89746D-3980-4303-BD31-31D8AF015529}.Release|x86.Build.0 = Release|x86
		{D793E4EB-F1C2-48CB-B96C-06D186C58217}.Debug|Any CPU.ActiveCfg = Debug|Any CPU
		{D793E4EB-F1C2-48CB-B96C-06D186C58217}.Debug|Any CPU.Build.0 = Debug|Any CPU
		{D793E4EB-F1C2-48CB-B96C-06D186C58217}.Debug|Mixed Platforms.ActiveCfg = Debug|Any CPU
		{D793E4EB-F1C2-48CB-B96C-06D186C58217}.Debug|Mixed Platforms.Build.0 = Debug|Any CPU
		{D793E4EB-F1C2-48CB-B96C-06D186C58217}.Debug|x86.ActiveCfg = Debug|Any CPU
		{D793E4EB-F1C2-48CB-B96C-06D186C58217}.Release|Any CPU.ActiveCfg = Release|Any CPU
		{D793E4EB-F1C2-48CB-B96C-06D186C58217}.Release|Any CPU.Build.0 = Release|Any CPU
		{D793E4EB-F1C2-48CB-B96C-06D186C58217}.Release|Mixed Platforms.ActiveCfg = Release|Any CPU
		{D793E4EB-F1C2-48CB-B96C-06D186C58217}.Release|Mixed Platforms.Build.0 = Release|Any CPU
		{D793E4EB-F1C2-48CB-B96C-06D186C58217}.Release|x86.ActiveCfg = Release|Any CPU
		{D793E4EB-F1C2-48CB-B96C-06D186C58217}.Release|x86.Build.0 = Release|Any CPU
		{DFB31D6C-511F-417A-A226-558B52061959}.Debug|Any CPU.ActiveCfg = Debug|Any CPU
		{DFB31D6C-511F-417A-A226-558B52061959}.Debug|Any CPU.Build.0 = Debug|Any CPU
		{DFB31D6C-511F-417A-A226-558B52061959}.Debug|Mixed Platforms.ActiveCfg = Debug|Any CPU
		{DFB31D6C-511F-417A-A226-558B52061959}.Debug|Mixed Platforms.Build.0 = Debug|Any CPU
		{DFB31D6C-511F-417A-A226-558B52061959}.Debug|x86.ActiveCfg = Debug|Any CPU
		{DFB31D6C-511F-417A-A226-558B52061959}.Release|Any CPU.ActiveCfg = Release|Any CPU
		{DFB31D6C-511F-417A-A226-558B52061959}.Release|Any CPU.Build.0 = Release|Any CPU
		{DFB31D6C-511F-417A-A226-558B52061959}.Release|Mixed Platforms.ActiveCfg = Release|Any CPU
		{DFB31D6C-511F-417A-A226-558B52061959}.Release|Mixed Platforms.Build.0 = Release|Any CPU
		{DFB31D6C-511F-417A-A226-558B52061959}.Release|x86.ActiveCfg = Release|Any CPU
		{DFB31D6C-511F-417A-A226-558B52061959}.Release|x86.Build.0 = Release|Any CPU
		{C0B286CA-E92E-4927-8CEA-9CF8E878AC69}.Debug|Any CPU.ActiveCfg = Debug|x86
		{C0B286CA-E92E-4927-8CEA-9CF8E878AC69}.Debug|Mixed Platforms.ActiveCfg = Debug|x86
		{C0B286CA-E92E-4927-8CEA-9CF8E878AC69}.Debug|Mixed Platforms.Build.0 = Debug|x86
		{C0B286CA-E92E-4927-8CEA-9CF8E878AC69}.Debug|x86.ActiveCfg = Debug|x86
		{C0B286CA-E92E-4927-8CEA-9CF8E878AC69}.Debug|x86.Build.0 = Debug|x86
		{C0B286CA-E92E-4927-8CEA-9CF8E878AC69}.Release|Any CPU.ActiveCfg = Release|x86
		{C0B286CA-E92E-4927-8CEA-9CF8E878AC69}.Release|Mixed Platforms.ActiveCfg = Release|x86
		{C0B286CA-E92E-4927-8CEA-9CF8E878AC69}.Release|Mixed Platforms.Build.0 = Release|x86
		{C0B286CA-E92E-4927-8CEA-9CF8E878AC69}.Release|x86.ActiveCfg = Release|x86
		{C0B286CA-E92E-4927-8CEA-9CF8E878AC69}.Release|x86.Build.0 = Release|x86
		{A656C600-1B38-4C3E-B7E5-EDF84F96537B}.Debug|Any CPU.ActiveCfg = Debug|Any CPU
		{A656C600-1B38-4C3E-B7E5-EDF84F96537B}.Debug|Any CPU.Build.0 = Debug|Any CPU
		{A656C600-1B38-4C3E-B7E5-EDF84F96537B}.Debug|Mixed Platforms.ActiveCfg = Debug|Any CPU
		{A656C600-1B38-4C3E-B7E5-EDF84F96537B}.Debug|Mixed Platforms.Build.0 = Debug|Any CPU
		{A656C600-1B38-4C3E-B7E5-EDF84F96537B}.Debug|x86.ActiveCfg = Debug|Any CPU
		{A656C600-1B38-4C3E-B7E5-EDF84F96537B}.Release|Any CPU.ActiveCfg = Release|Any CPU
		{A656C600-1B38-4C3E-B7E5-EDF84F96537B}.Release|Any CPU.Build.0 = Release|Any CPU
		{A656C600-1B38-4C3E-B7E5-EDF84F96537B}.Release|Mixed Platforms.ActiveCfg = Release|Any CPU
		{A656C600-1B38-4C3E-B7E5-EDF84F96537B}.Release|Mixed Platforms.Build.0 = Release|Any CPU
		{A656C600-1B38-4C3E-B7E5-EDF84F96537B}.Release|x86.ActiveCfg = Release|Any CPU
		{CB1BD631-CD6C-4DBF-B08C-8305AAD13C88}.Debug|Any CPU.ActiveCfg = Debug|x86
		{CB1BD631-CD6C-4DBF-B08C-8305AAD13C88}.Debug|Mixed Platforms.ActiveCfg = Debug|x86
		{CB1BD631-CD6C-4DBF-B08C-8305AAD13C88}.Debug|x86.ActiveCfg = Debug|x86
		{CB1BD631-CD6C-4DBF-B08C-8305AAD13C88}.Release|Any CPU.ActiveCfg = Release|x86
		{CB1BD631-CD6C-4DBF-B08C-8305AAD13C88}.Release|Mixed Platforms.ActiveCfg = Release|x86
		{CB1BD631-CD6C-4DBF-B08C-8305AAD13C88}.Release|x86.ActiveCfg = Release|x86
		{6C00FD69-3F31-4D87-AFAC-A68C89F45CFD}.Debug|Any CPU.ActiveCfg = Debug|x86
		{6C00FD69-3F31-4D87-AFAC-A68C89F45CFD}.Debug|Mixed Platforms.ActiveCfg = Debug|x86
		{6C00FD69-3F31-4D87-AFAC-A68C89F45CFD}.Debug|x86.ActiveCfg = Debug|x86
		{6C00FD69-3F31-4D87-AFAC-A68C89F45CFD}.Release|Any CPU.ActiveCfg = Release|x86
		{6C00FD69-3F31-4D87-AFAC-A68C89F45CFD}.Release|Mixed Platforms.ActiveCfg = Release|x86
		{6C00FD69-3F31-4D87-AFAC-A68C89F45CFD}.Release|x86.ActiveCfg = Release|x86
	EndGlobalSection
	GlobalSection(SolutionProperties) = preSolution
		HideSolutionNode = FALSE
	EndGlobalSection
EndGlobal
